
Microsoft Visual Studio Solution File, Format Version 12.00
# Visual Studio Version 16
VisualStudioVersion = 16.0.30413.136
MinimumVisualStudioVersion = 10.0.40219.1
Project("{888888A0-9F3D-457C-B088-3A5042F75D52}") = "if_While_for", "if_While_for\if_While_for.pyproj", "{CCA82773-938D-4DE2-AD98-0C2A221673FD}"
EndProject
Global
	GlobalSection(SolutionConfigurationPlatforms) = preSolution
		Debug|Any CPU = Debug|Any CPU
		Release|Any CPU = Release|Any CPU
	EndGlobalSection
	GlobalSection(ProjectConfigurationPlatforms) = postSolution
		{CCA82773-938D-4DE2-AD98-0C2A221673FD}.Debug|Any CPU.ActiveCfg = Debug|Any CPU
		{CCA82773-938D-4DE2-AD98-0C2A221673FD}.Release|Any CPU.ActiveCfg = Release|Any CPU
	EndGlobalSection
	GlobalSection(SolutionProperties) = preSolution
		HideSolutionNode = FALSE
	EndGlobalSection
	GlobalSection(ExtensibilityGlobals) = postSolution
		SolutionGuid = {19DD99D3-A719-4A86-84DF-279B20912A6D}
	EndGlobalSection
EndGlobal
